
Microsoft Visual Studio Solution File, Format Version 12.00
# Visual Studio Version 16
VisualStudioVersion = 16.0.29806.167
MinimumVisualStudioVersion = 10.0.40219.1
Project("{9A19103F-16F7-4668-BE54-9A1E7A4F7556}") = "Communicator.Website", "Communicator.Website\Communicator.Website.csproj", "{2E184517-63C4-4D0B-80F8-4FC7865C4805}"
EndProject
Project("{9A19103F-16F7-4668-BE54-9A1E7A4F7556}") = "Communicator.Service", "Communicator.Service\Communicator.Service.csproj", "{DCC7358D-9826-4D2D-813A-BE72A53D2D1B}"
EndProject
Project("{9A19103F-16F7-4668-BE54-9A1E7A4F7556}") = "Communicator.DataProvider", "Communicator.DataProvider\Communicator.DataProvider.csproj", "{A3E1D9AE-01A9-4081-A20D-949840C33ECD}"
EndProject
Global
	GlobalSection(SolutionConfigurationPlatforms) = preSolution
		Debug|Any CPU = Debug|Any CPU
		Release|Any CPU = Release|Any CPU
	EndGlobalSection
	GlobalSection(ProjectConfigurationPlatforms) = postSolution
		{2E184517-63C4-4D0B-80F8-4FC7865C4805}.Debug|Any CPU.ActiveCfg = Debug|Any CPU
		{2E184517-63C4-4D0B-80F8-4FC7865C4805}.Debug|Any CPU.Build.0 = Debug|Any CPU
		{2E184517-63C4-4D0B-80F8-4FC7865C4805}.Release|Any CPU.ActiveCfg = Release|Any CPU
		{2E184517-63C4-4D0B-80F8-4FC7865C4805}.Release|Any CPU.Build.0 = Release|Any CPU
		{DCC7358D-9826-4D2D-813A-BE72A53D2D1B}.Debug|Any CPU.ActiveCfg = Debug|Any CPU
		{DCC7358D-9826-4D2D-813A-BE72A53D2D1B}.Debug|Any CPU.Build.0 = Debug|Any CPU
		{DCC7358D-9826-4D2D-813A-BE72A53D2D1B}.Release|Any CPU.ActiveCfg = Release|Any CPU
		{DCC7358D-9826-4D2D-813A-BE72A53D2D1B}.Release|Any CPU.Build.0 = Release|Any CPU
		{A3E1D9AE-01A9-4081-A20D-949840C33ECD}.Debug|Any CPU.ActiveCfg = Debug|Any CPU
		{A3E1D9AE-01A9-4081-A20D-949840C33ECD}.Debug|Any CPU.Build.0 = Debug|Any CPU
		{A3E1D9AE-01A9-4081-A20D-949840C33ECD}.Release|Any CPU.ActiveCfg = Release|Any CPU
		{A3E1D9AE-01A9-4081-A20D-949840C33ECD}.Release|Any CPU.Build.0 = Release|Any CPU
	EndGlobalSection
	GlobalSection(SolutionProperties) = preSolution
		HideSolutionNode = FALSE
	EndGlobalSection
	GlobalSection(ExtensibilityGlobals) = postSolution
		SolutionGuid = {F673AA38-67ED-4E72-8E40-39859C0A9905}
	EndGlobalSection
EndGlobal
